
Microsoft Visual Studio Solution File, Format Version 12.00
# Visual Studio Version 16
VisualStudioVersion = 16.0.30114.105
MinimumVisualStudioVersion = 10.0.40219.1
Project("{FAE04EC0-301F-11D3-BF4B-00C04F79EFBC}") = "UpLoadImage", "UpLoadImage\UpLoadImage.csproj", "{75EE30CF-B43D-42D7-B5BE-16086F231EF1}"
EndProject
Global
	GlobalSection(SolutionConfigurationPlatforms) = preSolution
		Debug|Any CPU = Debug|Any CPU
		Release|Any CPU = Release|Any CPU
	EndGlobalSection
	GlobalSection(ProjectConfigurationPlatforms) = postSolution
		{75EE30CF-B43D-42D7-B5BE-16086F231EF1}.Debug|Any CPU.ActiveCfg = Debug|Any CPU
		{75EE30CF-B43D-42D7-B5BE-16086F231EF1}.Debug|Any CPU.Build.0 = Debug|Any CPU
		{75EE30CF-B43D-42D7-B5BE-16086F231EF1}.Release|Any CPU.ActiveCfg = Release|Any CPU
		{75EE30CF-B43D-42D7-B5BE-16086F231EF1}.Release|Any CPU.Build.0 = Release|Any CPU
	EndGlobalSection
	GlobalSection(SolutionProperties) = preSolution
		HideSolutionNode = FALSE
	EndGlobalSection
	GlobalSection(ExtensibilityGlobals) = postSolution
		SolutionGuid = {1FE84E81-2226-44BE-B12E-B1035C4D4DDE}
	EndGlobalSection
EndGlobal
